{"model_version":"malecns-v1.0-lplc2-gf-lif-v1","neurons":[{"cell_type":"DNp01","id":"10001","side":"R"},{"cell_type":"DNp01","id":"10010","side":"L"},{"cell_type":"LPLC2","id":"11498","side":"L"},{"cell_type":"LPLC2","id":"12384","side":"L"},{"cell_type":"LPLC2","id":"13132","side":"L"},{"cell_type":"LPLC2","id":"13726","side":"L"},{"cell_type":"LPLC2","id":"13764","side":"L"},{"cell_type":"LPLC2","id":"14030","side":"L"},{"cell_type":"LPLC2","id":"14102","side":"L"},{"cell_type":"LPLC2","id":"14465","side":"R"},{"cell_type":"LPLC2","id":"15804","side":"L"},{"cell_type":"LPLC2","id":"17059","side":"L"},{"cell_type":"LPLC2","id":"17544","side":"L"},{"cell_type":"LPLC2","id":"17551","side":"R"},{"cell_type":"LPLC2","id":"17774","side":"L"},{"cell_type":"LPLC2","id":"17775","side":"L"},{"cell_type":"LPLC2","id":"17880","side":"L"},{"cell_type":"LPLC2","id":"17990","side":"L"},{"cell_type":"LPLC2","id":"18672","side":"R"},{"cell_type":"LPLC2","id":"18900","side":"L"},{"cell_type":"LPLC2","id":"18929","side":"R"},{"cell_type":"LPLC2","id":"18936","side":"L"},{"cell_type":"LPLC2","id":"19034","side":"R"},{"cell_type":"LPLC2","id":"19146","side":"R"},{"cell_type":"LPLC2","id":"19229","side":"R"},{"cell_type":"LPLC2","id":"19249","side":"R"},{"cell_type":"LPLC2","id":"19549","side":"R"},{"cell_type":"LPLC2","id":"19589","side":"R"},{"cell_type":"LPLC2","id":"19608","side":"R"},{"cell_type":"LPLC2","id":"19787","side":"L"},{"cell_type":"LPLC2","id":"19830","side":"L"},{"cell_type":"LPLC2","id":"19842","side":"R"},{"cell_type":"LPLC2","id":"19911","side":"L"},{"cell_type":"LPLC2","id":"20047","side":"R"},{"cell_type":"LPLC2","id":"20103","side":"R"},{"cell_type":"LPLC2","id":"20162","side":"R"},{"cell_type":"LPLC2","id":"20182","side":"R"},{"cell_type":"LPLC2","id":"20240","side":"L"},{"cell_type":"LPLC2","id":"20269","side":"R"},{"cell_type":"LPLC2","id":"20329","side":"L"},{"cell_type":"LPLC2","id":"20334","side":"R"},{"cell_type":"LPLC2","id":"20471","side":"R"},{"cell_type":"LPLC2","id":"20535","side":"R"},{"cell_type":"LPLC2","id":"20584","side":"R"},{"cell_type":"LPLC2","id":"20694","side":"R"},{"cell_type":"LPLC2","id":"20749","side":"R"},{"cell_type":"LPLC2","id":"20799","side":"L"},{"cell_type":"LPLC2","id":"21045","side":"R"},{"cell_type":"LPLC2","id":"21299","side":"L"},{"cell_type":"LPLC2","id":"21318","side":"R"},{"cell_type":"LPLC2","id":"21361","side":"L"},{"cell_type":"LPLC2","id":"21562","side":"R"},{"cell_type":"LPLC2","id":"21703","side":"R"},{"cell_type":"LPLC2","id":"21769","side":"R"},{"cell_type":"LPLC2","id":"21808","side":"R"},{"cell_type":"LPLC2","id":"21862","side":"R"},{"cell_type":"LPLC2","id":"21899","side":"R"},{"cell_type":"LPLC2","id":"22218","side":"R"},{"cell_type":"LPLC2","id":"22253","side":"L"},{"cell_type":"LPLC2","id":"22261","side":"R"},{"cell_type":"LPLC2","id":"22557","side":"L"},{"cell_type":"LPLC2","id":"22677","side":"R"},{"cell_type":"LPLC2","id":"23247","side":"L"},{"cell_type":"LPLC2","id":"23349","side":"L"},{"cell_type":"LPLC2","id":"23497","side":"R"},{"cell_type":"LPLC2","id":"23550","side":"L"},{"cell_type":"LPLC2","id":"23590","side":"R"},{"cell_type":"LPLC2","id":"23665","side":"L"},{"cell_type":"LPLC2","id":"23878","side":"R"},{"cell_type":"LPLC2","id":"23919","side":"L"},{"cell_type":"LPLC2","id":"24118","side":"R"},{"cell_type":"LPLC2","id":"24187","side":"R"},{"cell_type":"LPLC2","id":"24268","side":"R"},{"cell_type":"LPLC2","id":"24308","side":"L"},{"cell_type":"LPLC2","id":"24401","side":"R"},{"cell_type":"LPLC2","id":"24568","side":"L"},{"cell_type":"LPLC2","id":"24605","side":"L"},{"cell_type":"LPLC2","id":"24800","side":"R"},{"cell_type":"LPLC2","id":"24840","side":"L"},{"cell_type":"LPLC2","id":"25027","side":"L"},{"cell_type":"LPLC2","id":"25136","side":"L"},{"cell_type":"LPLC2","id":"25209","side":"L"},{"cell_type":"LPLC2","id":"25253","side":"R"},{"cell_type":"LPLC2","id":"25267","side":"R"},{"cell_type":"LPLC2","id":"25286","side":"L"},{"cell_type":"LPLC2","id":"25316","side":"R"},{"cell_type":"LPLC2","id":"25497","side":"R"},{"cell_type":"LPLC2","id":"25511","side":"R"},{"cell_type":"LPLC2","id":"25524","side":"L"},{"cell_type":"LPLC2","id":"25572","side":"L"},{"cell_type":"LPLC2","id":"25575","side":"L"},{"cell_type":"LPLC2","id":"25636","side":"R"},{"cell_type":"LPLC2","id":"25854","side":"L"},{"cell_type":"LPLC2","id":"26147","side":"R"},{"cell_type":"LPLC2","id":"26393","side":"R"},{"cell_type":"LPLC2","id":"26416","side":"L"},{"cell_type":"LPLC2","id":"26528","side":"L"},{"cell_type":"LPLC2","id":"26730","side":"R"},{"cell_type":"LPLC2","id":"26915","side":"R"},{"cell_type":"LPLC2","id":"27023","side":"L"},{"cell_type":"LPLC2","id":"27355","side":"L"},{"cell_type":"LPLC2","id":"27399","side":"L"},{"cell_type":"LPLC2","id":"27471","side":"R"},{"cell_type":"LPLC2","id":"27566","side":"R"},{"cell_type":"LPLC2","id":"27716","side":"L"},{"cell_type":"LPLC2","id":"27796","side":"L"},{"cell_type":"LPLC2","id":"28003","side":"R"},{"cell_type":"LPLC2","id":"28011","side":"L"},{"cell_type":"LPLC2","id":"28044","side":"R"},{"cell_type":"LPLC2","id":"28188","side":"L"},{"cell_type":"LPLC2","id":"28741","side":"R"},{"cell_type":"LPLC2","id":"28871","side":"R"},{"cell_type":"LPLC2","id":"29014","side":"R"},{"cell_type":"LPLC2","id":"29183","side":"R"},{"cell_type":"LPLC2","id":"29216","side":"R"},{"cell_type":"LPLC2","id":"29287","side":"R"},{"cell_type":"LPLC2","id":"29319","side":"L"},{"cell_type":"LPLC2","id":"29391","side":"R"},{"cell_type":"LPLC2","id":"29598","side":"R"},{"cell_type":"LPLC2","id":"29702","side":"L"},{"cell_type":"LPLC2","id":"29753","side":"L"},{"cell_type":"LPLC2","id":"29815","side":"L"},{"cell_type":"LPLC2","id":"29873","side":"R"},{"cell_type":"LPLC2","id":"29955","side":"L"},{"cell_type":"LPLC2","id":"29986","side":"R"},{"cell_type":"LPLC2","id":"30041","side":"R"},{"cell_type":"LPLC2","id":"30207","side":"R"},{"cell_type":"LPLC2","id":"30512","side":"L"},{"cell_type":"LPLC2","id":"30893","side":"L"},{"cell_type":"LPLC2","id":"30895","side":"L"},{"cell_type":"LPLC2","id":"30938","side":"R"},{"cell_type":"LPLC2","id":"31105","side":"L"},{"cell_type":"LPLC2","id":"31257","side":"R"},{"cell_type":"LPLC2","id":"31563","side":"L"},{"cell_type":"LPLC2","id":"31964","side":"R"},{"cell_type":"LPLC2","id":"31988","side":"R"},{"cell_type":"LPLC2","id":"32223","side":"L"},{"cell_type":"LPLC2","id":"32237","side":"L"},{"cell_type":"LPLC2","id":"32507","side":"R"},{"cell_type":"LPLC2","id":"32737","side":"L"},{"cell_type":"LPLC2","id":"33185","side":"R"},{"cell_type":"LPLC2","id":"33303","side":"L"},{"cell_type":"LPLC2","id":"33396","side":"R"},{"cell_type":"LPLC2","id":"33406","side":"L"},{"cell_type":"LPLC2","id":"33439","side":"R"},{"cell_type":"LPLC2","id":"33694","side":"R"},{"cell_type":"LPLC2","id":"33965","side":"L"},{"cell_type":"LPLC2","id":"34051","side":"L"},{"cell_type":"LPLC2","id":"34110","side":"R"},{"cell_type":"LPLC2","id":"34372","side":"R"},{"cell_type":"LPLC2","id":"34407","side":"L"},{"cell_type":"LPLC2","id":"34655","side":"L"},{"cell_type":"LPLC2","id":"34681","side":"R"},{"cell_type":"LPLC2","id":"35294","side":"L"},{"cell_type":"LPLC2","id":"35632","side":"R"},{"cell_type":"LPLC2","id":"35680","side":"R"},{"cell_type":"LPLC2","id":"35838","side":"R"},{"cell_type":"LPLC2","id":"35889","side":"R"},{"cell_type":"LPLC2","id":"37431","side":"R"},{"cell_type":"LPLC2","id":"37613","side":"R"},{"cell_type":"LPLC2","id":"37925","side":"R"},{"cell_type":"LPLC2","id":"38542","side":"R"},{"cell_type":"LPLC2","id":"39620","side":"R"},{"cell_type":"LPLC2","id":"40811","side":"L"},{"cell_type":"LPLC2","id":"40841","side":"L"},{"cell_type":"LPLC2","id":"41097","side":"L"},{"cell_type":"LPLC2","id":"50287","side":"R"},{"cell_type":"LPLC2","id":"55627","side":"R"},{"cell_type":"LPLC2","id":"95241","side":"L"},{"cell_type":"LPLC2","id":"100103","side":"L"},{"cell_type":"LPLC2","id":"111903","side":"L"},{"cell_type":"LPLC2","id":"112292","side":"L"},{"cell_type":"LPLC2","id":"129687","side":"L"},{"cell_type":"LPLC2","id":"134521","side":"L"},{"cell_type":"LPLC2","id":"514670","side":"L"},{"cell_type":"LPLC2","id":"515971","side":"L"},{"cell_type":"LPLC2","id":"517078","side":"L"},{"cell_type":"LPLC2","id":"517079","side":"L"},{"cell_type":"LPLC2","id":"517819","side":"L"},{"cell_type":"LPLC2","id":"518731","side":"L"},{"cell_type":"LPLC2","id":"520764","side":"L"},{"cell_type":"LPLC2","id":"521115","side":"L"},{"cell_type":"LPLC2","id":"524366","side":"L"},{"cell_type":"LPLC2","id":"525844","side":"L"},{"cell_type":"LPLC2","id":"531014","side":"L"},{"cell_type":"LPLC2","id":"533895","side":"L"},{"cell_type":"LPLC2","id":"536444","side":"L"}],"parameters":{"input_gain":2.5,"output_rate_hz":200.0,"refractory_ms":2,"synaptic_gain":25.0,"tau_ms":10.0},"release":"v1.0","selection":"LPLC2_to_DNp01_feedforward","silence_sha256":"17151832975ae225aac44e3ecf722fb33e682d17af58f17e34ff0941898c8a04","source":"MaleCNS","source_sha256":{"annotations":"2177e246113e4cfbf1e7772ec37c6da1955ff22e8063d0b1f833101f99a9a3b2","connectivity":"e35da783d1c686b2b58b3b87cd6a403ae43bfcfba8bff28e08ef752c1a56afc1","neurotransmitters":"95c9289220663abeb3409f3ad9e5a7f8a53f8093f5139d15502cd08da8879621"},"weights_sha256":"d85f0d90134bce60db49591e282ac8adcdadb4d83c5a98400e15feb5f3a9da10"}
